lockfileVersion: '6.0'

settings:
  autoInstallPeers: true
  excludeLinksFromLockfile: false

devDependencies:
  '@ctx-core/env':
    specifier: ^17.2.121
    version: 17.2.121
  '@types/node':
    specifier: ^20.4.0
    version: 20.4.0
  typescript:
    specifier: ^5.1.6
    version: 5.1.6
  weaviate-ts-client:
    specifier: ^1.4.0
    version: 1.4.0(graphql@16.7.1)

packages:

  /@ctx-core/env@17.2.121:
    resolution: {integrity: sha512-9nB75oqrc+zVMQWyqPYFDiC+mBrlDnoQBXFyUaLoLww9oV9OlAkajPHNxmyxf5Llo/7NCYCl+EU2/0L4brdIIg==}
    dependencies:
      '@ctx-core/error': 12.3.38
      '@ctx-core/function': 21.18.0
      '@ctx-core/nanostores': 5.2.5
      '@ctx-core/object': 28.0.3
    dev: true

  /@ctx-core/error@12.3.38:
    resolution: {integrity: sha512-YmWZZ7htOP2fwRzwoMVb2SV54rJhnGQJnb5Y+S29f6FxTK5SX/RHhXA71Q/rV1LtRuSb4nyLs+F3oARLOy8Xjg==}
    dependencies:
      '@ctx-core/object': 28.0.3
    dev: true

  /@ctx-core/function@21.18.0:
    resolution: {integrity: sha512-6g9Ao5AMy/pha1zAUgzGaVBev6LCh3O6zSkwMjPl/Dc7+3Qq1usNnHJFKfNpWACAK/GGunz3xQqGDkFEoyfFng==}
    dev: true

  /@ctx-core/nanostores@5.2.5:
    resolution: {integrity: sha512-5NtmVzBD3ewSmJIUosRO5/aRmguFrxkZ9RnaBzsViMPAims8yxXtHSSA+fTrfukIxyTR4ZAhbKoWhwKyK+lqhQ==}
    dependencies:
      '@ctx-core/function': 21.18.0
      '@ctx-core/number': 8.6.22
      '@ctx-core/object': 28.0.3
      nanostores: github.com/btakita/nanostores/ee269e17180a9a3bab75c4a262b6a348a0f0f6d6
    dev: true

  /@ctx-core/number@8.6.22:
    resolution: {integrity: sha512-umXrLH3UZlC/swVTKr8tkqxSRkI/3l4swnqgg2TOoeeLVFS/l38SPSCFursNd3xo8QISRWD8kadIi9WSv4CnsQ==}
    dependencies:
      '@ctx-core/types': 1.2.19
    dev: true

  /@ctx-core/object@28.0.3:
    resolution: {integrity: sha512-/z1n53dQaCsLZlNqWWbXcIrTR2xaGmMewlDyTlC1P5VssVGQCG6+9zPGnbphJeX5jC7kNvZhv303Lw/1Tw3TVg==}
    dependencies:
      '@ctx-core/function': 21.18.0
    dev: true

  /@ctx-core/types@1.2.19:
    resolution: {integrity: sha512-Q3TxZt/D/IKIh5UTnKOMt0/QDvJ/v4KId8ildXTZuzJXP6NyuBakZP7Vh76an0t34CbCv4mHlC3+NMPMt5a5Wg==}
    dev: true

  /@graphql-typed-document-node/core@3.2.0(graphql@16.7.1):
    resolution: {integrity: sha512-mB9oAsNCm9aM3/SOv4YtBMqZbYj10R7dkq8byBqxGY/ncFwhf2oQzMV+LCRlWoDSEBJ3COiR1yeDvMtsoOsuFQ==}
    peerDependencies:
      graphql: ^0.8.0 || ^0.9.0 || ^0.10.0 || ^0.11.0 || ^0.12.0 || ^0.13.0 || ^14.0.0 || ^15.0.0 || ^16.0.0 || ^17.0.0
    dependencies:
      graphql: 16.7.1
    dev: true

  /@types/node@20.4.0:
    resolution: {integrity: sha512-jfT7iTf/4kOQ9S7CHV9BIyRaQqHu67mOjsIQBC3BKZvzvUB6zLxEwJ6sBE3ozcvP8kF6Uk5PXN0Q+c0dfhGX0g==}
    dev: true

  /asynckit@0.4.0:
    resolution: {integrity: sha512-Oei9OH4tRh0YqU3GxhX79dM/mwVgvbZJaSNaRk+bshkj0S5cfHcgYakreBjrHwatXKbz+IoIdYLxrKim2MjW0Q==}
    dev: true

  /combined-stream@1.0.8:
    resolution: {integrity: sha512-FQN4MRfuJeHf7cBbBMJFXhKSDq+2kAArBlmRBvcvFE5BB1HZKXtSFASDhdlz9zOYwxh8lDdnvmMOe/+5cdoEdg==}
    engines: {node: '>= 0.8'}
    dependencies:
      delayed-stream: 1.0.0
    dev: true

  /cross-fetch@3.1.8:
    resolution: {integrity: sha512-cvA+JwZoU0Xq+h6WkMvAUqPEYy92Obet6UdKLfW60qn99ftItKjB5T+BkyWOFWe2pUyfQ+IJHmpOTznqk1M6Kg==}
    dependencies:
      node-fetch: 2.6.12
    transitivePeerDependencies:
      - encoding
    dev: true

  /delayed-stream@1.0.0:
    resolution: {integrity: sha512-ZySD7Nf91aLB0RxL4KGrKHBXl7Eds1DAmEdcoVawXnLD7SDhpNgtuII2aAkg7a7QS41jxPSZ17p4VdGnMHk3MQ==}
    engines: {node: '>=0.4.0'}
    dev: true

  /extract-files@9.0.0:
    resolution: {integrity: sha512-CvdFfHkC95B4bBBk36hcEmvdR2awOdhhVUYH6S/zrVj3477zven/fJMYg7121h4T1xHZC+tetUpubpAhxwI7hQ==}
    engines: {node: ^10.17.0 || ^12.0.0 || >= 13.7.0}
    dev: true

  /form-data@3.0.1:
    resolution: {integrity: sha512-RHkBKtLWUVwd7SqRIvCZMEvAMoGUp0XU+seQiZejj0COz3RI3hWP4sCv3gZWWLjJTd7rGwcsF5eKZGii0r/hbg==}
    engines: {node: '>= 6'}
    dependencies:
      asynckit: 0.4.0
      combined-stream: 1.0.8
      mime-types: 2.1.35
    dev: true

  /graphql-request@5.2.0(graphql@16.7.1):
    resolution: {integrity: sha512-pLhKIvnMyBERL0dtFI3medKqWOz/RhHdcgbZ+hMMIb32mEPa5MJSzS4AuXxfI4sRAu6JVVk5tvXuGfCWl9JYWQ==}
    peerDependencies:
      graphql: 14 - 16
    dependencies:
      '@graphql-typed-document-node/core': 3.2.0(graphql@16.7.1)
      cross-fetch: 3.1.8
      extract-files: 9.0.0
      form-data: 3.0.1
      graphql: 16.7.1
    transitivePeerDependencies:
      - encoding
    dev: true

  /graphql@16.7.1:
    resolution: {integrity: sha512-DRYR9tf+UGU0KOsMcKAlXeFfX89UiiIZ0dRU3mR0yJfu6OjZqUcp68NnFLnqQU5RexygFoDy1EW+ccOYcPfmHg==}
    engines: {node: ^12.22.0 || ^14.16.0 || ^16.0.0 || >=17.0.0}
    dev: true

  /isomorphic-fetch@3.0.0:
    resolution: {integrity: sha512-qvUtwJ3j6qwsF3jLxkZ72qCgjMysPzDfeV240JHiGZsANBYd+EEuu35v7dfrJ9Up0Ak07D7GGSkGhCHTqg/5wA==}
    dependencies:
      node-fetch: 2.6.12
      whatwg-fetch: 3.6.2
    transitivePeerDependencies:
      - encoding
    dev: true

  /mime-db@1.52.0:
    resolution: {integrity: sha512-sPU4uV7dYlvtWJxwwxHD0PuihVNiE7TyAbQ5SWxDCB9mUYvOgroQOwYQQOKPJ8CIbE+1ETVlOoK1UC2nU3gYvg==}
    engines: {node: '>= 0.6'}
    dev: true

  /mime-types@2.1.35:
    resolution: {integrity: sha512-ZDY+bPm5zTTF+YpCrAU9nK0UgICYPT0QtT1NZWFv4s++TNkcgVaT0g6+4R2uI4MjQjzysHB1zxuWL50hzaeXiw==}
    engines: {node: '>= 0.6'}
    dependencies:
      mime-db: 1.52.0
    dev: true

  /node-fetch@2.6.12:
    resolution: {integrity: sha512-C/fGU2E8ToujUivIO0H+tpQ6HWo4eEmchoPIoXtxCrVghxdKq+QOHqEZW7tuP3KlV3bC8FRMO5nMCC7Zm1VP6g==}
    engines: {node: 4.x || >=6.0.0}
    peerDependencies:
      encoding: ^0.1.0
    peerDependenciesMeta:
      encoding:
        optional: true
    dependencies:
      whatwg-url: 5.0.0
    dev: true

  /tr46@0.0.3:
    resolution: {integrity: sha512-N3WMsuqV66lT30CrXNbEjx4GEwlow3v6rr4mCcv6prnfwhS01rkgyFdjPNBYd9br7LpXV1+Emh01fHnq2Gdgrw==}
    dev: true

  /typescript@5.1.6:
    resolution: {integrity: sha512-zaWCozRZ6DLEWAWFrVDz1H6FVXzUSfTy5FUMWsQlU8Ym5JP9eO4xkTIROFCQvhQf61z6O/G6ugw3SgAnvvm+HA==}
    engines: {node: '>=14.17'}
    hasBin: true
    dev: true

  /uuid@9.0.0:
    resolution: {integrity: sha512-MXcSTerfPa4uqyzStbRoTgt5XIe3x5+42+q1sDuy3R5MDk66URdLMOZe5aPX/SQd+kuYAh0FdP/pO28IkQyTeg==}
    hasBin: true
    dev: true

  /weaviate-ts-client@1.4.0(graphql@16.7.1):
    resolution: {integrity: sha512-G2V/IWMHXDjoJeATUYKkZXzAs7iRj4GE8B3AX59XDqMRW12X7VUkRgo4xWcHH1bjpLIHUYTzD5qZXcB8P9Hdmw==}
    engines: {node: '>=16.0.0'}
    dependencies:
      graphql-request: 5.2.0(graphql@16.7.1)
      isomorphic-fetch: 3.0.0
      uuid: 9.0.0
    transitivePeerDependencies:
      - encoding
      - graphql
    dev: true

  /webidl-conversions@3.0.1:
    resolution: {integrity: sha512-2JAn3z8AR6rjK8Sm8orRC0h/bcl/DqL7tRPdGZ4I1CjdF+EaMLmYxBHyXuKL849eucPFhvBoxMsflfOb8kxaeQ==}
    dev: true

  /whatwg-fetch@3.6.2:
    resolution: {integrity: sha512-bJlen0FcuU/0EMLrdbJ7zOnW6ITZLrZMIarMUVmdKtsGvZna8vxKYaexICWPfZ8qwf9fzNq+UEIZrnSaApt6RA==}
    dev: true

  /whatwg-url@5.0.0:
    resolution: {integrity: sha512-saE57nupxk6v3HY35+jzBwYa0rKSy0XR8JSxZPwgLr7ys0IBzhGviA1/TUGJLmSVqs8pb9AnvICXEuOHLprYTw==}
    dependencies:
      tr46: 0.0.3
      webidl-conversions: 3.0.1
    dev: true

  github.com/btakita/nanostores/ee269e17180a9a3bab75c4a262b6a348a0f0f6d6:
    resolution: {tarball: https://codeload.github.com/btakita/nanostores/tar.gz/ee269e17180a9a3bab75c4a262b6a348a0f0f6d6}
    name: nanostores
    version: 0.9.2
    engines: {node: ^16.0.0 || ^18.0.0 || >=20.0.0}
    dev: true
